# THIS IS AN AUTOGENERATED FILE. DO NOT EDIT THIS FILE DIRECTLY.
# yarn lockfile v1


"@expo/vector-icons@10.2.0":
  version "10.2.0"
  resolved "https://registry.yarnpkg.com/@expo/vector-icons/-/vector-icons-10.2.0.tgz#3c70656683a6a873e18efc00bc61fc160a80dc55"
  integrity sha512-dYe0SW/xbzWRtWG7i1pc3QPMGMbdReVgP02XlwMkS4srAAjF0cZQVa3ZgZ6qzxI+OzKudpDXZRmENNth/b263g==
  dependencies:
    lodash "^4.17.4"

lodash@^4.17.4:
  version "4.17.19"
  resolved "https://registry.yarnpkg.com/lodash/-/lodash-4.17.19.tgz#e48ddedbe30b3321783c5b4301fbd353bc1e4a4b"
  integrity sha512-JNvd8XER9GQX0v2qJgsaN/mzFCNA5BRe/j8JN9d+tWyGLSodKQHKFicdwNYzWwI3wjRnaKPsGj1XkBjx/F96DQ==
